// !$*UTF8*$!
{
	archiveVersion = 1;
	classes = {
	};
	objectVersion = 48;
	objects = {

/* Begin PBXBuildFile section */
		9A1A76CD1FF0FB38007AF05C /* AppDelegate.m in Sources */ = {isa = PBXBuildFile; fileRef = 9A1A76CC1FF0FB38007AF05C /* AppDelegate.m */; };
		9A1A76D01FF0FB38007AF05C /* ViewController.m in Sources */ = {isa = PBXBuildFile; fileRef = 9A1A76CF1FF0FB38007AF05C /* ViewController.m */; };
		9A1A76D31FF0FB38007AF05C /* Main.storyboard in Resources */ = {isa = PBXBuildFile; fileRef = 9A1A76D11FF0FB38007AF05C /* Main.storyboard */; };
		9A1A76D51FF0FB38007AF05C /* Assets.xcassets in Resources */ = {isa = PBXBuildFile; fileRef = 9A1A76D41FF0FB38007AF05C /* Assets.xcassets */; };
		9A1A76D81FF0FB38007AF05C /* LaunchScreen.storyboard in Resources */ = {isa = PBXBuildFile; fileRef = 9A1A76D61FF0FB38007AF05C /* LaunchScreen.storyboard */; };
		9A1A76DB1FF0FB38007AF05C /* main.m in Sources */ = {isa = PBXBuildFile; fileRef = 9A1A76DA1FF0FB38007AF05C /* main.m */; };
		9A1A76E51FF0FB38007AF05C /* BreakpointDownloadingDemoTests.m in Sources */ = {isa = PBXBuildFile; fileRef = 9A1A76E41FF0FB38007AF05C /* BreakpointDownloadingDemoTests.m */; };
		9A1A76F01FF0FB38007AF05C /* BreakpointDownloadingDemoUITests.m in Sources */ = {isa = PBXBuildFile; fileRef = 9A1A76EF1FF0FB38007AF05C /* BreakpointDownloadingDemoUITests.m */; };
		9A1A77001FF0FCAC007AF05C /* DataDownLoadManager.m in Sources */ = {isa = PBXBuildFile; fileRef = 9A1A76FF1FF0FCAC007AF05C /* DataDownLoadManager.m */; };
/* End PBXBuildFile section */

/* Begin PBXContainerItemProxy section */
		9A1A76E11FF0FB38007AF05C /* PBXContainerItemProxy */ = {
			isa = PBXContainerItemProxy;
			containerPortal = 9A1A76C01FF0FB38007AF05C /* Project object */;
			proxyType = 1;
			remoteGlobalIDString = 9A1A76C71FF0FB38007AF05C;
			remoteInfo = BreakpointDownloadingDemo;
		};
		9A1A76EC1FF0FB38007AF05C /* PBXContainerItemProxy */ = {
			isa = PBXContainerItemProxy;
			containerPortal = 9A1A76C01FF0FB38007AF05C /* Project object */;
			proxyType = 1;
			remoteGlobalIDString = 9A1A76C71FF0FB38007AF05C;
			remoteInfo = BreakpointDownloadingDemo;
		};
/* End PBXContainerItemProxy section */

/* Begin PBXFileReference section */
		9A1A76C81FF0FB38007AF05C /* BreakpointDownloadingDemo.app */ = {isa = PBXFileReference; explicitFileType = wrapper.application; includeInIndex = 0; path = BreakpointDownloadingDemo.app; sourceTree = BUILT_PRODUCTS_DIR; };
		9A1A76CB1FF0FB38007AF05C /* AppDelegate.h */ = {isa = PBXFileReference; lastKnownFileType = sourcecode.c.h; path = AppDelegate.h; sourceTree = "<group>"; };
		9A1A76CC1FF0FB38007AF05C /* AppDelegate.m */ = {isa = PBXFileReference; lastKnownFileType = sourcecode.c.objc; path = AppDelegate.m; sourceTree = "<group>"; };
		9A1A76CE1FF0FB38007AF05C /* ViewController.h */ = {isa = PBXFileReference; lastKnownFileType = sourcecode.c.h; path = ViewController.h; sourceTree = "<group>"; };
		9A1A76CF1FF0FB38007AF05C /* ViewController.m */ = {isa = PBXFileReference; lastKnownFileType = sourcecode.c.objc; path = ViewController.m; sourceTree = "<group>"; };
		9A1A76D21FF0FB38007AF05C /* Base */ = {isa = PBXFileReference; lastKnownFileType = file.storyboard; name = Base; path = Base.lproj/Main.storyboard; sourceTree = "<group>"; };
		9A1A76D41FF0FB38007AF05C /* Assets.xcassets */ = {isa = PBXFileReference; lastKnownFileType = folder.assetcatalog; path = Assets.xcassets; sourceTree = "<group>"; };
		9A1A76D71FF0FB38007AF05C /* Base */ = {isa = PBXFileReference; lastKnownFileType = file.storyboard; name = Base; path = Base.lproj/LaunchScreen.storyboard; sourceTree = "<group>"; };
		9A1A76D91FF0FB38007AF05C /* Info.plist */ = {isa = PBXFileReference; lastKnownFileType = text.plist.xml; path = Info.plist; sourceTree = "<group>"; };
		9A1A76DA1FF0FB38007AF05C /* main.m */ = {isa = PBXFileReference; lastKnownFileType = sourcecode.c.objc; path = main.m; sourceTree = "<group>"; };
		9A1A76E01FF0FB38007AF05C /* BreakpointDownloadingDemoTests.xctest */ = {isa = PBXFileReference; explicitFileType = wrapper.cfbundle; includeInIndex = 0; path = BreakpointDownloadingDemoTests.xctest; sourceTree = BUILT_PRODUCTS_DIR; };
		9A1A76E41FF0FB38007AF05C /* BreakpointDownloadingDemoTests.m */ = {isa = PBXFileReference; lastKnownFileType = sourcecode.c.objc; path = BreakpointDownloadingDemoTests.m; sourceTree = "<group>"; };
		9A1A76E61FF0FB38007AF05C /* Info.plist */ = {isa = PBXFileReference; lastKnownFileType = text.plist.xml; path = Info.plist; sourceTree = "<group>"; };
		9A1A76EB1FF0FB38007AF05C /* BreakpointDownloadingDemoUITests.xctest */ = {isa = PBXFileReference; explicitFileType = wrapper.cfbundle; includeInIndex = 0; path = BreakpointDownloadingDemoUITests.xctest; sourceTree = BUILT_PRODUCTS_DIR; };
		9A1A76EF1FF0FB38007AF05C /* BreakpointDownloadingDemoUITests.m */ = {isa = PBXFileReference; lastKnownFileType = sourcecode.c.objc; path = BreakpointDownloadingDemoUITests.m; sourceTree = "<group>"; };
		9A1A76F11FF0FB38007AF05C /* Info.plist */ = {isa = PBXFileReference; lastKnownFileType = text.plist.xml; path = Info.plist; sourceTree = "<group>"; };
		9A1A76FE1FF0FCAC007AF05C /* DataDownLoadManager.h */ = {isa = PBXFileReference; lastKnownFileType = sourcecode.c.h; path = DataDownLoadManager.h; sourceTree = "<group>"; };
		9A1A76FF1FF0FCAC007AF05C /* DataDownLoadManager.m */ = {isa = PBXFileReference; lastKnownFileType = sourcecode.c.objc; path = DataDownLoadManager.m; sourceTree = "<group>"; };
/* End PBXFileReference section */

/* Begin PBXFrameworksBuildPhase section */
		9A1A76C51FF0FB38007AF05C /* Frameworks */ = {
			isa = PBXFrameworksBuildPhase;
			buildActionMask = 2147483647;
			files = (
			);
			runOnlyForDeploymentPostprocessing = 0;
		};
		9A1A76DD1FF0FB38007AF05C /* Frameworks */ = {
			isa = PBXFrameworksBuildPhase;
			buildActionMask = 2147483647;
			files = (
			);
			runOnlyForDeploymentPostprocessing = 0;
		};
		9A1A76E81FF0FB38007AF05C /* Frameworks */ = {
			isa = PBXFrameworksBuildPhase;
			buildActionMask = 2147483647;
			files = (
			);
			runOnlyForDeploymentPostprocessing = 0;
		};
/* End PBXFrameworksBuildPhase section */

/* Begin PBXGroup section */
		9A1A76BF1FF0FB38007AF05C = {
			isa = PBXGroup;
			children = (
				9A1A76CA1FF0FB38007AF05C /* BreakpointDownloadingDemo */,
				9A1A76E31FF0FB38007AF05C /* BreakpointDownloadingDemoTests */,
				9A1A76EE1FF0FB38007AF05C /* BreakpointDownloadingDemoUITests */,
				9A1A76C91FF0FB38007AF05C /* Products */,
			);
			sourceTree = "<group>";
		};
		9A1A76C91FF0FB38007AF05C /* Products */ = {
			isa = PBXGroup;
			children = (
				9A1A76C81FF0FB38007AF05C /* BreakpointDownloadingDemo.app */,
				9A1A76E01FF0FB38007AF05C /* BreakpointDownloadingDemoTests.xctest */,
				9A1A76EB1FF0FB38007AF05C /* BreakpointDownloadingDemoUITests.xctest */,
			);
			name = Products;
			sourceTree = "<group>";
		};
		9A1A76CA1FF0FB38007AF05C /* BreakpointDownloadingDemo */ = {
			isa = PBXGroup;
			children = (
				9A1A76CB1FF0FB38007AF05C /* AppDelegate.h */,
				9A1A76CC1FF0FB38007AF05C /* AppDelegate.m */,
				9A1A76CE1FF0FB38007AF05C /* ViewController.h */,
				9A1A76CF1FF0FB38007AF05C /* ViewController.m */,
				9A1A76FD1FF0FC86007AF05C /* DownloadTool */,
				9A1A76D11FF0FB38007AF05C /* Main.storyboard */,
				9A1A76D41FF0FB38007AF05C /* Assets.xcassets */,
				9A1A76D61FF0FB38007AF05C /* LaunchScreen.storyboard */,
				9A1A76D91FF0FB38007AF05C /* Info.plist */,
				9A1A76DA1FF0FB38007AF05C /* main.m */,
			);
			path = BreakpointDownloadingDemo;
			sourceTree = "<group>";
		};
		9A1A76E31FF0FB38007AF05C /* BreakpointDownloadingDemoTests */ = {
			isa = PBXGroup;
			children = (
				9A1A76E41FF0FB38007AF05C /* BreakpointDownloadingDemoTests.m */,
				9A1A76E61FF0FB38007AF05C /* Info.plist */,
			);
			path = BreakpointDownloadingDemoTests;
			sourceTree = "<group>";
		};
		9A1A76EE1FF0FB38007AF05C /* BreakpointDownloadingDemoUITests */ = {
			isa = PBXGroup;
			children = (
				9A1A76EF1FF0FB38007AF05C /* BreakpointDownloadingDemoUITests.m */,
				9A1A76F11FF0FB38007AF05C /* Info.plist */,
			);
			path = BreakpointDownloadingDemoUITests;
			sourceTree = "<group>";
		};
		9A1A76FD1FF0FC86007AF05C /* DownloadTool */ = {
			isa = PBXGroup;
			children = (
				9A1A76FE1FF0FCAC007AF05C /* DataDownLoadManager.h */,
				9A1A76FF1FF0FCAC007AF05C /* DataDownLoadManager.m */,
			);
			path = DownloadTool;
			sourceTree = "<group>";
		};
/* End PBXGroup section */

/* Begin PBXNativeTarget section */
		9A1A76C71FF0FB38007AF05C /* BreakpointDownloadingDemo */ = {
			isa = PBXNativeTarget;
			buildConfigurationList = 9A1A76F41FF0FB38007AF05C /* Build configuration list for PBXNativeTarget "BreakpointDownloadingDemo" */;
			buildPhases = (
				9A1A76C41FF0FB38007AF05C /* Sources */,
				9A1A76C51FF0FB38007AF05C /* Frameworks */,
				9A1A76C61FF0FB38007AF05C /* Resources */,
			);
			buildRules = (
			);
			dependencies = (
			);
			name = BreakpointDownloadingDemo;
			productName = BreakpointDownloadingDemo;
			productReference = 9A1A76C81FF0FB38007AF05C /* BreakpointDownloadingDemo.app */;
			productType = "com.apple.product-type.application";
		};
		9A1A76DF1FF0FB38007AF05C /* BreakpointDownloadingDemoTests */ = {
			isa = PBXNativeTarget;
			buildConfigurationList = 9A1A76F71FF0FB38007AF05C /* Build configuration list for PBXNativeTarget "BreakpointDownloadingDemoTests" */;
			buildPhases = (
				9A1A76DC1FF0FB38007AF05C /* Sources */,
				9A1A76DD1FF0FB38007AF05C /* Frameworks */,
				9A1A76DE1FF0FB38007AF05C /* Resources */,
			);
			buildRules = (
			);
			dependencies = (
				9A1A76E21FF0FB38007AF05C /* PBXTargetDependency */,
			);
			name = BreakpointDownloadingDemoTests;
			productName = BreakpointDownloadingDemoTests;
			productReference = 9A1A76E01FF0FB38007AF05C /* BreakpointDownloadingDemoTests.xctest */;
			productType = "com.apple.product-type.bundle.unit-test";
		};
		9A1A76EA1FF0FB38007AF05C /* BreakpointDownloadingDemoUITests */ = {
			isa = PBXNativeTarget;
			buildConfigurationList = 9A1A76FA1FF0FB38007AF05C /* Build configuration list for PBXNativeTarget "BreakpointDownloadingDemoUITests" */;
			buildPhases = (
				9A1A76E71FF0FB38007AF05C /* Sources */,
				9A1A76E81FF0FB38007AF05C /* Frameworks */,
				9A1A76E91FF0FB38007AF05C /* Resources */,
			);
			buildRules = (
			);
			dependencies = (
				9A1A76ED1FF0FB38007AF05C /* PBXTargetDependency */,
			);
			name = BreakpointDownloadingDemoUITests;
			productName = BreakpointDownloadingDemoUITests;
			productReference = 9A1A76EB1FF0FB38007AF05C /* BreakpointDownloadingDemoUITests.xctest */;
			productType = "com.apple.product-type.bundle.ui-testing";
		};
/* End PBXNativeTarget section */

/* Begin PBXProject section */
		9A1A76C01FF0FB38007AF05C /* Project object */ = {
			isa = PBXProject;
			attributes = {
				LastUpgradeCheck = 0910;
				ORGANIZATIONNAME = macmini;
				TargetAttributes = {
					9A1A76C71FF0FB38007AF05C = {
						CreatedOnToolsVersion = 9.1;
						ProvisioningStyle = Automatic;
					};
					9A1A76DF1FF0FB38007AF05C = {
						CreatedOnToolsVersion = 9.1;
						ProvisioningStyle = Automatic;
						TestTargetID = 9A1A76C71FF0FB38007AF05C;
					};
					9A1A76EA1FF0FB38007AF05C = {
						CreatedOnToolsVersion = 9.1;
						ProvisioningStyle = Automatic;
						TestTargetID = 9A1A76C71FF0FB38007AF05C;
					};
				};
			};
			buildConfigurationList = 9A1A76C31FF0FB38007AF05C /* Build configuration list for PBXProject "BreakpointDownloadingDemo" */;
			compatibilityVersion = "Xcode 8.0";
			developmentRegion = en;
			hasScannedForEncodings = 0;
			knownRegions = (
				en,
				Base,
			);
			mainGroup = 9A1A76BF1FF0FB38007AF05C;
			productRefGroup = 9A1A76C91FF0FB38007AF05C /* Products */;
			projectDirPath = "";
			projectRoot = "";
			targets = (
				9A1A76C71FF0FB38007AF05C /* BreakpointDownloadingDemo */,
				9A1A76DF1FF0FB38007AF05C /* BreakpointDownloadingDemoTests */,
				9A1A76EA1FF0FB38007AF05C /* BreakpointDownloadingDemoUITests */,
			);
		};
/* End PBXProject section */

/* Begin PBXResourcesBuildPhase section */
		9A1A76C61FF0FB38007AF05C /* Resources */ = {
			isa = PBXResourcesBuildPhase;
			buildActionMask = 2147483647;
			files = (
				9A1A76D81FF0FB38007AF05C /* LaunchScreen.storyboard in Resources */,
				9A1A76D51FF0FB38007AF05C /* Assets.xcassets in Resources */,
				9A1A76D31FF0FB38007AF05C /* Main.storyboard in Resources */,
			);
			runOnlyForDeploymentPostprocessing = 0;
		};
		9A1A76DE1FF0FB38007AF05C /* Resources */ = {
			isa = PBXResourcesBuildPhase;
			buildActionMask = 2147483647;
			files = (
			);
			runOnlyForDeploymentPostprocessing = 0;
		};
		9A1A76E91FF0FB38007AF05C /* Resources */ = {
			isa = PBXResourcesBuildPhase;
			buildActionMask = 2147483647;
			files = (
			);
			runOnlyForDeploymentPostprocessing = 0;
		};
/* End PBXResourcesBuildPhase section */

/* Begin PBXSourcesBuildPhase section */
		9A1A76C41FF0FB38007AF05C /* Sources */ = {
			isa = PBXSourcesBuildPhase;
			buildActionMask = 2147483647;
			files = (
				9A1A76D01FF0FB38007AF05C /* ViewController.m in Sources */,
				9A1A77001FF0FCAC007AF05C /* DataDownLoadManager.m in Sources */,
				9A1A76DB1FF0FB38007AF05C /* main.m in Sources */,
				9A1A76CD1FF0FB38007AF05C /* AppDelegate.m in Sources */,
			);
			runOnlyForDeploymentPostprocessing = 0;
		};
		9A1A76DC1FF0FB38007AF05C /* Sources */ = {
			isa = PBXSourcesBuildPhase;
			buildActionMask = 2147483647;
			files = (
				9A1A76E51FF0FB38007AF05C /* BreakpointDownloadingDemoTests.m in Sources */,
			);
			runOnlyForDeploymentPostprocessing = 0;
		};
		9A1A76E71FF0FB38007AF05C /* Sources */ = {
			isa = PBXSourcesBuildPhase;
			buildActionMask = 2147483647;
			files = (
				9A1A76F01FF0FB38007AF05C /* BreakpointDownloadingDemoUITests.m in Sources */,
			);
			runOnlyForDeploymentPostprocessing = 0;
		};
/* End PBXSourcesBuildPhase section */

/* Begin PBXTargetDependency section */
		9A1A76E21FF0FB38007AF05C /* PBXTargetDependency */ = {
			isa = PBXTargetDependency;
			target = 9A1A76C71FF0FB38007AF05C /* BreakpointDownloadingDemo */;
			targetProxy = 9A1A76E11FF0FB38007AF05C /* PBXContainerItemProxy */;
		};
		9A1A76ED1FF0FB38007AF05C /* PBXTargetDependency */ = {
			isa = PBXTargetDependency;
			target = 9A1A76C71FF0FB38007AF05C /* BreakpointDownloadingDemo */;
			targetProxy = 9A1A76EC1FF0FB38007AF05C /* PBXContainerItemProxy */;
		};
/* End PBXTargetDependency section */

/* Begin PBXVariantGroup section */
		9A1A76D11FF0FB38007AF05C /* Main.storyboard */ = {
			isa = PBXVariantGroup;
			children = (
				9A1A76D21FF0FB38007AF05C /* Base */,
			);
			name = Main.storyboard;
			sourceTree = "<group>";
		};
		9A1A76D61FF0FB38007AF05C /* LaunchScreen.storyboard */ = {
			isa = PBXVariantGroup;
			children = (
				9A1A76D71FF0FB38007AF05C /* Base */,
			);
			name = LaunchScreen.storyboard;
			sourceTree = "<group>";
		};
/* End PBXVariantGroup section */

/* Begin XCBuildConfiguration section */
		9A1A76F21FF0FB38007AF05C /* Debug */ = {
			isa = XCBuildConfiguration;
			buildSettings = {
				ALWAYS_SEARCH_USER_PATHS = NO;
				CLANG_ANALYZER_NONNULL = YES;
				CLANG_ANALYZER_NUMBER_OBJECT_CONVERSION = YES_AGGRESSIVE;
				CLANG_CXX_LANGUAGE_STANDARD = "gnu++14";
				CLANG_CXX_LIBRARY = "libc++";
				CLANG_ENABLE_MODULES = YES;
				CLANG_ENABLE_OBJC_ARC = YES;
				CLANG_WARN_BLOCK_CAPTURE_AUTORELEASING = YES;
				CLANG_WARN_BOOL_CONVERSION = YES;
				CLANG_WARN_COMMA = YES;
				CLANG_WARN_CONSTANT_CONVERSION = YES;
				CLANG_WARN_DIRECT_OBJC_ISA_USAGE = YES_ERROR;
				CLANG_WARN_DOCUMENTATION_COMMENTS = YES;
				CLANG_WARN_EMPTY_BODY = YES;
				CLANG_WARN_ENUM_CONVERSION = YES;
				CLANG_WARN_INFINITE_RECURSION = YES;
				CLANG_WARN_INT_CONVERSION = YES;
				CLANG_WARN_NON_LITERAL_NULL_CONVERSION = YES;
				CLANG_WARN_OBJC_LITERAL_CONVERSION = YES;
				CLANG_WARN_OBJC_ROOT_CLASS = YES_ERROR;
				CLANG_WARN_RANGE_LOOP_ANALYSIS = YES;
				CLANG_WARN_STRICT_PROTOTYPES = YES;
				CLANG_WARN_SUSPICIOUS_MOVE = YES;
				CLANG_WARN_UNGUARDED_AVAILABILITY = YES_AGGRESSIVE;
				CLANG_WARN_UNREACHABLE_CODE = YES;
				CLANG_WARN__DUPLICATE_METHOD_MATCH = YES;
				CODE_SIGN_IDENTITY = "iPhone Developer";
				COPY_PHASE_STRIP = NO;
				DEBUG_INFORMATION_FORMAT = dwarf;
				ENABLE_STRICT_OBJC_MSGSEND = YES;
				ENABLE_TESTABILITY = YES;
				GCC_C_LANGUAGE_STANDARD = gnu11;
				GCC_DYNAMIC_NO_PIC = NO;
				GCC_NO_COMMON_BLOCKS = YES;
				GCC_OPTIMIZATION_LEVEL = 0;
				GCC_PREPROCESSOR_DEFINITIONS = (
					"DEBUG=1",
					"$(inherited)",
				);
				GCC_WARN_64_TO_32_BIT_CONVERSION = YES;
				GCC_WARN_ABOUT_RETURN_TYPE = YES_ERROR;
				GCC_WARN_UNDECLARED_SELECTOR = YES;
				GCC_WARN_UNINITIALIZED_AUTOS = YES_AGGRESSIVE;
				GCC_WARN_UNUSED_FUNCTION = YES;
				GCC_WARN_UNUSED_VARIABLE = YES;
				IPHONEOS_DEPLOYMENT_TARGET = 11.1;
				MTL_ENABLE_DEBUG_INFO = YES;
				ONLY_ACTIVE_ARCH = YES;
				SDKROOT = iphoneos;
			};
			name = Debug;
		};
		9A1A76F31FF0FB38007AF05C /* Release */ = {
			isa = XCBuildConfiguration;
			buildSettings = {
				ALWAYS_SEARCH_USER_PATHS = NO;
				CLANG_ANALYZER_NONNULL = YES;
				CLANG_ANALYZER_NUMBER_OBJECT_CONVERSION = YES_AGGRESSIVE;
				CLANG_CXX_LANGUAGE_STANDARD = "gnu++14";
				CLANG_CXX_LIBRARY = "libc++";
				CLANG_ENABLE_MODULES = YES;
				CLANG_ENABLE_OBJC_ARC = YES;
				CLANG_WARN_BLOCK_CAPTURE_AUTORELEASING = YES;
				CLANG_WARN_BOOL_CONVERSION = YES;
				CLANG_WARN_COMMA = YES;
				CLANG_WARN_CONSTANT_CONVERSION = YES;
				CLANG_WARN_DIRECT_OBJC_ISA_USAGE = YES_ERROR;
				CLANG_WARN_DOCUMENTATION_COMMENTS = YES;
				CLANG_WARN_EMPTY_BODY = YES;
				CLANG_WARN_ENUM_CONVERSION = YES;
				CLANG_WARN_INFINITE_RECURSION = YES;
				CLANG_WARN_INT_CONVERSION = YES;
				CLANG_WARN_NON_LITERAL_NULL_CONVERSION = YES;
				CLANG_WARN_OBJC_LITERAL_CONVERSION = YES;
				CLANG_WARN_OBJC_ROOT_CLASS = YES_ERROR;
				CLANG_WARN_RANGE_LOOP_ANALYSIS = YES;
				CLANG_WARN_STRICT_PROTOTYPES = YES;
				CLANG_WARN_SUSPICIOUS_MOVE = YES;
				CLANG_WARN_UNGUARDED_AVAILABILITY = YES_AGGRESSIVE;
				CLANG_WARN_UNREACHABLE_CODE = YES;
				CLANG_WARN__DUPLICATE_METHOD_MATCH = YES;
				CODE_SIGN_IDENTITY = "iPhone Developer";
				COPY_PHASE_STRIP = NO;
				DEBUG_INFORMATION_FORMAT = "dwarf-with-dsym";
				ENABLE_NS_ASSERTIONS = NO;
				ENABLE_STRICT_OBJC_MSGSEND = YES;
				GCC_C_LANGUAGE_STANDARD = gnu11;
				GCC_NO_COMMON_BLOCKS = YES;
				GCC_WARN_64_TO_32_BIT_CONVERSION = YES;
				GCC_WARN_ABOUT_RETURN_TYPE = YES_ERROR;
				GCC_WARN_UNDECLARED_SELECTOR = YES;
				GCC_WARN_UNINITIALIZED_AUTOS = YES_AGGRESSIVE;
				GCC_WARN_UNUSED_FUNCTION = YES;
				GCC_WARN_UNUSED_VARIABLE = YES;
				IPHONEOS_DEPLOYMENT_TARGET = 11.1;
				MTL_ENABLE_DEBUG_INFO = NO;
				SDKROOT = iphoneos;
				VALIDATE_PRODUCT = YES;
			};
			name = Release;
		};
		9A1A76F51FF0FB38007AF05C /* Debug */ = {
			isa = XCBuildConfiguration;
			buildSettings = {
				ASSETCATALOG_COMPILER_APPICON_NAME = AppIcon;
				CODE_SIGN_STYLE = Automatic;
				INFOPLIST_FILE = BreakpointDownloadingDemo/Info.plist;
				LD_RUNPATH_SEARCH_PATHS = "$(inherited) @executable_path/Frameworks";
				PRODUCT_BUNDLE_IDENTIFIER = com.sy.BreakpointDownloadingDemo;
				PRODUCT_NAME = "$(TARGET_NAME)";
				TARGETED_DEVICE_FAMILY = "1,2";
			};
			name = Debug;
		};
		9A1A76F61FF0FB38007AF05C /* Release */ = {
			isa = XCBuildConfiguration;
			buildSettings = {
				ASSETCATALOG_COMPILER_APPICON_NAME = AppIcon;
				CODE_SIGN_STYLE = Automatic;
				INFOPLIST_FILE = BreakpointDownloadingDemo/Info.plist;
				LD_RUNPATH_SEARCH_PATHS = "$(inherited) @executable_path/Frameworks";
				PRODUCT_BUNDLE_IDENTIFIER = com.sy.BreakpointDownloadingDemo;
				PRODUCT_NAME = "$(TARGET_NAME)";
				TARGETED_DEVICE_FAMILY = "1,2";
			};
			name = Release;
		};
		9A1A76F81FF0FB38007AF05C /* Debug */ = {
			isa = XCBuildConfiguration;
			buildSettings = {
				BUNDLE_LOADER = "$(TEST_HOST)";
				CODE_SIGN_STYLE = Automatic;
				INFOPLIST_FILE = BreakpointDownloadingDemoTests/Info.plist;
				LD_RUNPATH_SEARCH_PATHS = "$(inherited) @executable_path/Frameworks @loader_path/Frameworks";
				PRODUCT_BUNDLE_IDENTIFIER = com.sy.BreakpointDownloadingDemoTests;
				PRODUCT_NAME = "$(TARGET_NAME)";
				TARGETED_DEVICE_FAMILY = "1,2";
				TEST_HOST = "$(BUILT_PRODUCTS_DIR)/BreakpointDownloadingDemo.app/BreakpointDownloadingDemo";
			};
			name = Debug;
		};
		9A1A76F91FF0FB38007AF05C /* Release */ = {
			isa = XCBuildConfiguration;
			buildSettings = {
				BUNDLE_LOADER = "$(TEST_HOST)";
				CODE_SIGN_STYLE = Automatic;
				INFOPLIST_FILE = BreakpointDownloadingDemoTests/Info.plist;
				LD_RUNPATH_SEARCH_PATHS = "$(inherited) @executable_path/Frameworks @loader_path/Frameworks";
				PRODUCT_BUNDLE_IDENTIFIER = com.sy.BreakpointDownloadingDemoTests;
				PRODUCT_NAME = "$(TARGET_NAME)";
				TARGETED_DEVICE_FAMILY = "1,2";
				TEST_HOST = "$(BUILT_PRODUCTS_DIR)/BreakpointDownloadingDemo.app/BreakpointDownloadingDemo";
			};
			name = Release;
		};
		9A1A76FB1FF0FB38007AF05C /* Debug */ = {
			isa = XCBuildConfiguration;
			buildSettings = {
				CODE_SIGN_STYLE = Automatic;
				INFOPLIST_FILE = BreakpointDownloadingDemoUITests/Info.plist;
				LD_RUNPATH_SEARCH_PATHS = "$(inherited) @executable_path/Frameworks @loader_path/Frameworks";
				PRODUCT_BUNDLE_IDENTIFIER = com.sy.BreakpointDownloadingDemoUITests;
				PRODUCT_NAME = "$(TARGET_NAME)";
				TARGETED_DEVICE_FAMILY = "1,2";
				TEST_TARGET_NAME = BreakpointDownloadingDemo;
			};
			name = Debug;
		};
		9A1A76FC1FF0FB38007AF05C /* Release */ = {
			isa = XCBuildConfiguration;
			buildSettings = {
				CODE_SIGN_STYLE = Automatic;
				INFOPLIST_FILE = BreakpointDownloadingDemoUITests/Info.plist;
				LD_RUNPATH_SEARCH_PATHS = "$(inherited) @executable_path/Frameworks @loader_path/Frameworks";
				PRODUCT_BUNDLE_IDENTIFIER = com.sy.BreakpointDownloadingDemoUITests;
				PRODUCT_NAME = "$(TARGET_NAME)";
				TARGETED_DEVICE_FAMILY = "1,2";
				TEST_TARGET_NAME = BreakpointDownloadingDemo;
			};
			name = Release;
		};
/* End XCBuildConfiguration section */

/* Begin XCConfigurationList section */
		9A1A76C31FF0FB38007AF05C /* Build configuration list for PBXProject "BreakpointDownloadingDemo" */ = {
			isa = XCConfigurationList;
			buildConfigurations = (
				9A1A76F21FF0FB38007AF05C /* Debug */,
				9A1A76F31FF0FB38007AF05C /* Release */,
			);
			defaultConfigurationIsVisible = 0;
			defaultConfigurationName = Release;
		};
		9A1A76F41FF0FB38007AF05C /* Build configuration list for PBXNativeTarget "BreakpointDownloadingDemo" */ = {
			isa = XCConfigurationList;
			buildConfigurations = (
				9A1A76F51FF0FB38007AF05C /* Debug */,
				9A1A76F61FF0FB38007AF05C /* Release */,
			);
			defaultConfigurationIsVisible = 0;
			defaultConfigurationName = Release;
		};
		9A1A76F71FF0FB38007AF05C /* Build configuration list for PBXNativeTarget "BreakpointDownloadingDemoTests" */ = {
			isa = XCConfigurationList;
			buildConfigurations = (
				9A1A76F81FF0FB38007AF05C /* Debug */,
				9A1A76F91FF0FB38007AF05C /* Release */,
			);
			defaultConfigurationIsVisible = 0;
			defaultConfigurationName = Release;
		};
		9A1A76FA1FF0FB38007AF05C /* Build configuration list for PBXNativeTarget "BreakpointDownloadingDemoUITests" */ = {
			isa = XCConfigurationList;
			buildConfigurations = (
				9A1A76FB1FF0FB38007AF05C /* Debug */,
				9A1A76FC1FF0FB38007AF05C /* Release */,
			);
			defaultConfigurationIsVisible = 0;
			defaultConfigurationName = Release;
		};
/* End XCConfigurationList section */
	};
	rootObject = 9A1A76C01FF0FB38007AF05C /* Project object */;
}
